// !$*UTF8*$!
{
	archiveVersion = 1;
	classes = {
	};
	objectVersion = 50;
	objects = {

/* Begin PBXBuildFile section */
		14996582239ACFF3004429AC /* AppDelegate.swift in Sources */ = {isa = PBXBuildFile; fileRef = 14996581239ACFF3004429AC /* AppDelegate.swift */; };
		14996584239ACFF3004429AC /* SceneDelegate.swift in Sources */ = {isa = PBXBuildFile; fileRef = 14996583239ACFF3004429AC /* SceneDelegate.swift */; };
		14996589239ACFF3004429AC /* Main.storyboard in Resources */ = {isa = PBXBuildFile; fileRef = 14996587239ACFF3004429AC /* Main.storyboard */; };
		1499658C239ACFF3004429AC /* ConversionCalculator.xcdatamodeld in Sources */ = {isa = PBXBuildFile; fileRef = 1499658A239ACFF3004429AC /* ConversionCalculator.xcdatamodeld */; };
		1499658E239ACFF5004429AC /* Assets.xcassets in Resources */ = {isa = PBXBuildFile; fileRef = 1499658D239ACFF5004429AC /* Assets.xcassets */; };
		14996591239ACFF5004429AC /* LaunchScreen.storyboard in Resources */ = {isa = PBXBuildFile; fileRef = 1499658F239ACFF5004429AC /* LaunchScreen.storyboard */; };
		1499659C239ACFF6004429AC /* ConversionCalculatorTests.swift in Sources */ = {isa = PBXBuildFile; fileRef = 1499659B239ACFF6004429AC /* ConversionCalculatorTests.swift */; };
		149965A7239ACFF6004429AC /* ConversionCalculatorUITests.swift in Sources */ = {isa = PBXBuildFile; fileRef = 149965A6239ACFF6004429AC /* ConversionCalculatorUITests.swift */; };
		149965B5239AD1F2004429AC /* CalculatorViewController.swift in Sources */ = {isa = PBXBuildFile; fileRef = 149965B4239AD1F2004429AC /* CalculatorViewController.swift */; };
/* End PBXBuildFile section */

/* Begin PBXContainerItemProxy section */
		14996598239ACFF6004429AC /* PBXContainerItemProxy */ = {
			isa = PBXContainerItemProxy;
			containerPortal = 14996576239ACFF3004429AC /* Project object */;
			proxyType = 1;
			remoteGlobalIDString = 1499657D239ACFF3004429AC;
			remoteInfo = ConversionCalculator;
		};
		149965A3239ACFF6004429AC /* PBXContainerItemProxy */ = {
			isa = PBXContainerItemProxy;
			containerPortal = 14996576239ACFF3004429AC /* Project object */;
			proxyType = 1;
			remoteGlobalIDString = 1499657D239ACFF3004429AC;
			remoteInfo = ConversionCalculator;
		};
/* End PBXContainerItemProxy section */

/* Begin PBXFileReference section */
		1499657E239ACFF3004429AC /* ConversionCalculator.app */ = {isa = PBXFileReference; explicitFileType = wrapper.application; includeInIndex = 0; path = ConversionCalculator.app; sourceTree = BUILT_PRODUCTS_DIR; };
		14996581239ACFF3004429AC /* AppDelegate.swift */ = {isa = PBXFileReference; lastKnownFileType = sourcecode.swift; path = AppDelegate.swift; sourceTree = "<group>"; };
		14996583239ACFF3004429AC /* SceneDelegate.swift */ = {isa = PBXFileReference; lastKnownFileType = sourcecode.swift; path = SceneDelegate.swift; sourceTree = "<group>"; };
		14996588239ACFF3004429AC /* Base */ = {isa = PBXFileReference; lastKnownFileType = file.storyboard; name = Base; path = Base.lproj/Main.storyboard; sourceTree = "<group>"; };
		1499658B239ACFF3004429AC /* ConversionCalculator.xcdatamodel */ = {isa = PBXFileReference; lastKnownFileType = wrapper.xcdatamodel; path = ConversionCalculator.xcdatamodel; sourceTree = "<group>"; };
		1499658D239ACFF5004429AC /* Assets.xcassets */ = {isa = PBXFileReference; lastKnownFileType = folder.assetcatalog; path = Assets.xcassets; sourceTree = "<group>"; };
		14996590239ACFF5004429AC /* Base */ = {isa = PBXFileReference; lastKnownFileType = file.storyboard; name = Base; path = Base.lproj/LaunchScreen.storyboard; sourceTree = "<group>"; };
		14996592239ACFF5004429AC /* Info.plist */ = {isa = PBXFileReference; lastKnownFileType = text.plist.xml; path = Info.plist; sourceTree = "<group>"; };
		14996597239ACFF6004429AC /* ConversionCalculatorTests.xctest */ = {isa = PBXFileReference; explicitFileType = wrapper.cfbundle; includeInIndex = 0; path = ConversionCalculatorTests.xctest; sourceTree = BUILT_PRODUCTS_DIR; };
		1499659B239ACFF6004429AC /* ConversionCalculatorTests.swift */ = {isa = PBXFileReference; lastKnownFileType = sourcecode.swift; path = ConversionCalculatorTests.swift; sourceTree = "<group>"; };
		1499659D239ACFF6004429AC /* Info.plist */ = {isa = PBXFileReference; lastKnownFileType = text.plist.xml; path = Info.plist; sourceTree = "<group>"; };
		149965A2239ACFF6004429AC /* ConversionCalculatorUITests.xctest */ = {isa = PBXFileReference; explicitFileType = wrapper.cfbundle; includeInIndex = 0; path = ConversionCalculatorUITests.xctest; sourceTree = BUILT_PRODUCTS_DIR; };
		149965A6239ACFF6004429AC /* ConversionCalculatorUITests.swift */ = {isa = PBXFileReference; lastKnownFileType = sourcecode.swift; path = ConversionCalculatorUITests.swift; sourceTree = "<group>"; };
		149965A8239ACFF6004429AC /* Info.plist */ = {isa = PBXFileReference; lastKnownFileType = text.plist.xml; path = Info.plist; sourceTree = "<group>"; };
		149965B4239AD1F2004429AC /* CalculatorViewController.swift */ = {isa = PBXFileReference; lastKnownFileType = sourcecode.swift; path = CalculatorViewController.swift; sourceTree = "<group>"; };
/* End PBXFileReference section */

/* Begin PBXFrameworksBuildPhase section */
		1499657B239ACFF3004429AC /* Frameworks */ = {
			isa = PBXFrameworksBuildPhase;
			buildActionMask = 2147483647;
			files = (
			);
			runOnlyForDeploymentPostprocessing = 0;
		};
		14996594239ACFF6004429AC /* Frameworks */ = {
			isa = PBXFrameworksBuildPhase;
			buildActionMask = 2147483647;
			files = (
			);
			runOnlyForDeploymentPostprocessing = 0;
		};
		1499659F239ACFF6004429AC /* Frameworks */ = {
			isa = PBXFrameworksBuildPhase;
			buildActionMask = 2147483647;
			files = (
			);
			runOnlyForDeploymentPostprocessing = 0;
		};
/* End PBXFrameworksBuildPhase section */

/* Begin PBXGroup section */
		14996575239ACFF3004429AC = {
			isa = PBXGroup;
			children = (
				14996580239ACFF3004429AC /* ConversionCalculator */,
				1499659A239ACFF6004429AC /* ConversionCalculatorTests */,
				149965A5239ACFF6004429AC /* ConversionCalculatorUITests */,
				1499657F239ACFF3004429AC /* Products */,
			);
			sourceTree = "<group>";
		};
		1499657F239ACFF3004429AC /* Products */ = {
			isa = PBXGroup;
			children = (
				1499657E239ACFF3004429AC /* ConversionCalculator.app */,
				14996597239ACFF6004429AC /* ConversionCalculatorTests.xctest */,
				149965A2239ACFF6004429AC /* ConversionCalculatorUITests.xctest */,
			);
			name = Products;
			sourceTree = "<group>";
		};
		14996580239ACFF3004429AC /* ConversionCalculator */ = {
			isa = PBXGroup;
			children = (
				14996581239ACFF3004429AC /* AppDelegate.swift */,
				14996583239ACFF3004429AC /* SceneDelegate.swift */,
				14996587239ACFF3004429AC /* Main.storyboard */,
				1499658D239ACFF5004429AC /* Assets.xcassets */,
				1499658F239ACFF5004429AC /* LaunchScreen.storyboard */,
				14996592239ACFF5004429AC /* Info.plist */,
				1499658A239ACFF3004429AC /* ConversionCalculator.xcdatamodeld */,
				149965B4239AD1F2004429AC /* CalculatorViewController.swift */,
			);
			path = ConversionCalculator;
			sourceTree = "<group>";
		};
		1499659A239ACFF6004429AC /* ConversionCalculatorTests */ = {
			isa = PBXGroup;
			children = (
				1499659B239ACFF6004429AC /* ConversionCalculatorTests.swift */,
				1499659D239ACFF6004429AC /* Info.plist */,
			);
			path = ConversionCalculatorTests;
			sourceTree = "<group>";
		};
		149965A5239ACFF6004429AC /* ConversionCalculatorUITests */ = {
			isa = PBXGroup;
			children = (
				149965A6239ACFF6004429AC /* ConversionCalculatorUITests.swift */,
				149965A8239ACFF6004429AC /* Info.plist */,
			);
			path = ConversionCalculatorUITests;
			sourceTree = "<group>";
		};
/* End PBXGroup section */

/* Begin PBXNativeTarget section */
		1499657D239ACFF3004429AC /* ConversionCalculator */ = {
			isa = PBXNativeTarget;
			buildConfigurationList = 149965AB239ACFF6004429AC /* Build configuration list for PBXNativeTarget "ConversionCalculator" */;
			buildPhases = (
				1499657A239ACFF3004429AC /* Sources */,
				1499657B239ACFF3004429AC /* Frameworks */,
				1499657C239ACFF3004429AC /* Resources */,
			);
			buildRules = (
			);
			dependencies = (
			);
			name = ConversionCalculator;
			productName = ConversionCalculator;
			productReference = 1499657E239ACFF3004429AC /* ConversionCalculator.app */;
			productType = "com.apple.product-type.application";
		};
		14996596239ACFF6004429AC /* ConversionCalculatorTests */ = {
			isa = PBXNativeTarget;
			buildConfigurationList = 149965AE239ACFF6004429AC /* Build configuration list for PBXNativeTarget "ConversionCalculatorTests" */;
			buildPhases = (
				14996593239ACFF6004429AC /* Sources */,
				14996594239ACFF6004429AC /* Frameworks */,
				14996595239ACFF6004429AC /* Resources */,
			);
			buildRules = (
			);
			dependencies = (
				14996599239ACFF6004429AC /* PBXTargetDependency */,
			);
			name = ConversionCalculatorTests;
			productName = ConversionCalculatorTests;
			productReference = 14996597239ACFF6004429AC /* ConversionCalculatorTests.xctest */;
			productType = "com.apple.product-type.bundle.unit-test";
		};
		149965A1239ACFF6004429AC /* ConversionCalculatorUITests */ = {
			isa = PBXNativeTarget;
			buildConfigurationList = 149965B1239ACFF6004429AC /* Build configuration list for PBXNativeTarget "ConversionCalculatorUITests" */;
			buildPhases = (
				1499659E239ACFF6004429AC /* Sources */,
				1499659F239ACFF6004429AC /* Frameworks */,
				149965A0239ACFF6004429AC /* Resources */,
			);
			buildRules = (
			);
			dependencies = (
				149965A4239ACFF6004429AC /* PBXTargetDependency */,
			);
			name = ConversionCalculatorUITests;
			productName = ConversionCalculatorUITests;
			productReference = 149965A2239ACFF6004429AC /* ConversionCalculatorUITests.xctest */;
			productType = "com.apple.product-type.bundle.ui-testing";
		};
/* End PBXNativeTarget section */

/* Begin PBXProject section */
		14996576239ACFF3004429AC /* Project object */ = {
			isa = PBXProject;
			attributes = {
				LastSwiftUpdateCheck = 1120;
				LastUpgradeCheck = 1120;
				ORGANIZATIONNAME = "Armaja LaRue-Hill";
				TargetAttributes = {
					1499657D239ACFF3004429AC = {
						CreatedOnToolsVersion = 11.2.1;
					};
					14996596239ACFF6004429AC = {
						CreatedOnToolsVersion = 11.2.1;
						TestTargetID = 1499657D239ACFF3004429AC;
					};
					149965A1239ACFF6004429AC = {
						CreatedOnToolsVersion = 11.2.1;
						TestTargetID = 1499657D239ACFF3004429AC;
					};
				};
			};
			buildConfigurationList = 14996579239ACFF3004429AC /* Build configuration list for PBXProject "ConversionCalculator" */;
			compatibilityVersion = "Xcode 9.3";
			developmentRegion = en;
			hasScannedForEncodings = 0;
			knownRegions = (
				en,
				Base,
			);
			mainGroup = 14996575239ACFF3004429AC;
			productRefGroup = 1499657F239ACFF3004429AC /* Products */;
			projectDirPath = "";
			projectRoot = "";
			targets = (
				1499657D239ACFF3004429AC /* ConversionCalculator */,
				14996596239ACFF6004429AC /* ConversionCalculatorTests */,
				149965A1239ACFF6004429AC /* ConversionCalculatorUITests */,
			);
		};
/* End PBXProject section */

/* Begin PBXResourcesBuildPhase section */
		1499657C239ACFF3004429AC /* Resources */ = {
			isa = PBXResourcesBuildPhase;
			buildActionMask = 2147483647;
			files = (
				14996591239ACFF5004429AC /* LaunchScreen.storyboard in Resources */,
				1499658E239ACFF5004429AC /* Assets.xcassets in Resources */,
				14996589239ACFF3004429AC /* Main.storyboard in Resources */,
			);
			runOnlyForDeploymentPostprocessing = 0;
		};
		14996595239ACFF6004429AC /* Resources */ = {
			isa = PBXResourcesBuildPhase;
			buildActionMask = 2147483647;
			files = (
			);
			runOnlyForDeploymentPostprocessing = 0;
		};
		149965A0239ACFF6004429AC /* Resources */ = {
			isa = PBXResourcesBuildPhase;
			buildActionMask = 2147483647;
			files = (
			);
			runOnlyForDeploymentPostprocessing = 0;
		};
/* End PBXResourcesBuildPhase section */

/* Begin PBXSourcesBuildPhase section */
		1499657A239ACFF3004429AC /* Sources */ = {
			isa = PBXSourcesBuildPhase;
			buildActionMask = 2147483647;
			files = (
				14996582239ACFF3004429AC /* AppDelegate.swift in Sources */,
				14996584239ACFF3004429AC /* SceneDelegate.swift in Sources */,
				149965B5239AD1F2004429AC /* CalculatorViewController.swift in Sources */,
				1499658C239ACFF3004429AC /* ConversionCalculator.xcdatamodeld in Sources */,
			);
			runOnlyForDeploymentPostprocessing = 0;
		};
		14996593239ACFF6004429AC /* Sources */ = {
			isa = PBXSourcesBuildPhase;
			buildActionMask = 2147483647;
			files = (
				1499659C239ACFF6004429AC /* ConversionCalculatorTests.swift in Sources */,
			);
			runOnlyForDeploymentPostprocessing = 0;
		};
		1499659E239ACFF6004429AC /* Sources */ = {
			isa = PBXSourcesBuildPhase;
			buildActionMask = 2147483647;
			files = (
				149965A7239ACFF6004429AC /* ConversionCalculatorUITests.swift in Sources */,
			);
			runOnlyForDeploymentPostprocessing = 0;
		};
/* End PBXSourcesBuildPhase section */

/* Begin PBXTargetDependency section */
		14996599239ACFF6004429AC /* PBXTargetDependency */ = {
			isa = PBXTargetDependency;
			target = 1499657D239ACFF3004429AC /* ConversionCalculator */;
			targetProxy = 14996598239ACFF6004429AC /* PBXContainerItemProxy */;
		};
		149965A4239ACFF6004429AC /* PBXTargetDependency */ = {
			isa = PBXTargetDependency;
			target = 1499657D239ACFF3004429AC /* ConversionCalculator */;
			targetProxy = 149965A3239ACFF6004429AC /* PBXContainerItemProxy */;
		};
/* End PBXTargetDependency section */

/* Begin PBXVariantGroup section */
		14996587239ACFF3004429AC /* Main.storyboard */ = {
			isa = PBXVariantGroup;
			children = (
				14996588239ACFF3004429AC /* Base */,
			);
			name = Main.storyboard;
			sourceTree = "<group>";
		};
		1499658F239ACFF5004429AC /* LaunchScreen.storyboard */ = {
			isa = PBXVariantGroup;
			children = (
				14996590239ACFF5004429AC /* Base */,
			);
			name = LaunchScreen.storyboard;
			sourceTree = "<group>";
		};
/* End PBXVariantGroup section */

/* Begin XCBuildConfiguration section */
		149965A9239ACFF6004429AC /* Debug */ = {
			isa = XCBuildConfiguration;
			buildSettings = {
				ALWAYS_SEARCH_USER_PATHS = NO;
				CLANG_ANALYZER_NONNULL = YES;
				CLANG_ANALYZER_NUMBER_OBJECT_CONVERSION = YES_AGGRESSIVE;
				CLANG_CXX_LANGUAGE_STANDARD = "gnu++14";
				CLANG_CXX_LIBRARY = "libc++";
				CLANG_ENABLE_MODULES = YES;
				CLANG_ENABLE_OBJC_ARC = YES;
				CLANG_ENABLE_OBJC_WEAK = YES;
				CLANG_WARN_BLOCK_CAPTURE_AUTORELEASING = YES;
				CLANG_WARN_BOOL_CONVERSION = YES;
				CLANG_WARN_COMMA = YES;
				CLANG_WARN_CONSTANT_CONVERSION = YES;
				CLANG_WARN_DEPRECATED_OBJC_IMPLEMENTATIONS = YES;
				CLANG_WARN_DIRECT_OBJC_ISA_USAGE = YES_ERROR;
				CLANG_WARN_DOCUMENTATION_COMMENTS = YES;
				CLANG_WARN_EMPTY_BODY = YES;
				CLANG_WARN_ENUM_CONVERSION = YES;
				CLANG_WARN_INFINITE_RECURSION = YES;
				CLANG_WARN_INT_CONVERSION = YES;
				CLANG_WARN_NON_LITERAL_NULL_CONVERSION = YES;
				CLANG_WARN_OBJC_IMPLICIT_RETAIN_SELF = YES;
				CLANG_WARN_OBJC_LITERAL_CONVERSION = YES;
				CLANG_WARN_OBJC_ROOT_CLASS = YES_ERROR;
				CLANG_WARN_RANGE_LOOP_ANALYSIS = YES;
				CLANG_WARN_STRICT_PROTOTYPES = YES;
				CLANG_WARN_SUSPICIOUS_MOVE = YES;
				CLANG_WARN_UNGUARDED_AVAILABILITY = YES_AGGRESSIVE;
				CLANG_WARN_UNREACHABLE_CODE = YES;
				CLANG_WARN__DUPLICATE_METHOD_MATCH = YES;
				COPY_PHASE_STRIP = NO;
				DEBUG_INFORMATION_FORMAT = dwarf;
				ENABLE_STRICT_OBJC_MSGSEND = YES;
				ENABLE_TESTABILITY = YES;
				GCC_C_LANGUAGE_STANDARD = gnu11;
				GCC_DYNAMIC_NO_PIC = NO;
				GCC_NO_COMMON_BLOCKS = YES;
				GCC_OPTIMIZATION_LEVEL = 0;
				GCC_PREPROCESSOR_DEFINITIONS = (
					"DEBUG=1",
					"$(inherited)",
				);
				GCC_WARN_64_TO_32_BIT_CONVERSION = YES;
				GCC_WARN_ABOUT_RETURN_TYPE = YES_ERROR;
				GCC_WARN_UNDECLARED_SELECTOR = YES;
				GCC_WARN_UNINITIALIZED_AUTOS = YES_AGGRESSIVE;
				GCC_WARN_UNUSED_FUNCTION = YES;
				GCC_WARN_UNUSED_VARIABLE = YES;
				IPHONEOS_DEPLOYMENT_TARGET = 13.2;
				MTL_ENABLE_DEBUG_INFO = INCLUDE_SOURCE;
				MTL_FAST_MATH = YES;
				ONLY_ACTIVE_ARCH = YES;
				SDKROOT = iphoneos;
				SWIFT_ACTIVE_COMPILATION_CONDITIONS = DEBUG;
				SWIFT_OPTIMIZATION_LEVEL = "-Onone";
			};
			name = Debug;
		};
		149965AA239ACFF6004429AC /* Release */ = {
			isa = XCBuildConfiguration;
			buildSettings = {
				ALWAYS_SEARCH_USER_PATHS = NO;
				CLANG_ANALYZER_NONNULL = YES;
				CLANG_ANALYZER_NUMBER_OBJECT_CONVERSION = YES_AGGRESSIVE;
				CLANG_CXX_LANGUAGE_STANDARD = "gnu++14";
				CLANG_CXX_LIBRARY = "libc++";
				CLANG_ENABLE_MODULES = YES;
				CLANG_ENABLE_OBJC_ARC = YES;
				CLANG_ENABLE_OBJC_WEAK = YES;
				CLANG_WARN_BLOCK_CAPTURE_AUTORELEASING = YES;
				CLANG_WARN_BOOL_CONVERSION = YES;
				CLANG_WARN_COMMA = YES;
				CLANG_WARN_CONSTANT_CONVERSION = YES;
				CLANG_WARN_DEPRECATED_OBJC_IMPLEMENTATIONS = YES;
				CLANG_WARN_DIRECT_OBJC_ISA_USAGE = YES_ERROR;
				CLANG_WARN_DOCUMENTATION_COMMENTS = YES;
				CLANG_WARN_EMPTY_BODY = YES;
				CLANG_WARN_ENUM_CONVERSION = YES;
				CLANG_WARN_INFINITE_RECURSION = YES;
				CLANG_WARN_INT_CONVERSION = YES;
				CLANG_WARN_NON_LITERAL_NULL_CONVERSION = YES;
				CLANG_WARN_OBJC_IMPLICIT_RETAIN_SELF = YES;
				CLANG_WARN_OBJC_LITERAL_CONVERSION = YES;
				CLANG_WARN_OBJC_ROOT_CLASS = YES_ERROR;
				CLANG_WARN_RANGE_LOOP_ANALYSIS = YES;
				CLANG_WARN_STRICT_PROTOTYPES = YES;
				CLANG_WARN_SUSPICIOUS_MOVE = YES;
				CLANG_WARN_UNGUARDED_AVAILABILITY = YES_AGGRESSIVE;
				CLANG_WARN_UNREACHABLE_CODE = YES;
				CLANG_WARN__DUPLICATE_METHOD_MATCH = YES;
				COPY_PHASE_STRIP = NO;
				DEBUG_INFORMATION_FORMAT = "dwarf-with-dsym";
				ENABLE_NS_ASSERTIONS = NO;
				ENABLE_STRICT_OBJC_MSGSEND = YES;
				GCC_C_LANGUAGE_STANDARD = gnu11;
				GCC_NO_COMMON_BLOCKS = YES;
				GCC_WARN_64_TO_32_BIT_CONVERSION = YES;
				GCC_WARN_ABOUT_RETURN_TYPE = YES_ERROR;
				GCC_WARN_UNDECLARED_SELECTOR = YES;
				GCC_WARN_UNINITIALIZED_AUTOS = YES_AGGRESSIVE;
				GCC_WARN_UNUSED_FUNCTION = YES;
				GCC_WARN_UNUSED_VARIABLE = YES;
				IPHONEOS_DEPLOYMENT_TARGET = 13.2;
				MTL_ENABLE_DEBUG_INFO = NO;
				MTL_FAST_MATH = YES;
				SDKROOT = iphoneos;
				SWIFT_COMPILATION_MODE = wholemodule;
				SWIFT_OPTIMIZATION_LEVEL = "-O";
				VALIDATE_PRODUCT = YES;
			};
			name = Release;
		};
		149965AC239ACFF6004429AC /* Debug */ = {
			isa = XCBuildConfiguration;
			buildSettings = {
				ASSETCATALOG_COMPILER_APPICON_NAME = AppIcon;
				CODE_SIGN_STYLE = Automatic;
				DEVELOPMENT_TEAM = PR4DKU7GZT;
				INFOPLIST_FILE = ConversionCalculator/Info.plist;
				LD_RUNPATH_SEARCH_PATHS = (
					"$(inherited)",
					"@executable_path/Frameworks",
				);
				PRODUCT_BUNDLE_IDENTIFIER = com.example.HelloWorld8296.ConversionCalculator;
				PRODUCT_NAME = "$(TARGET_NAME)";
				SWIFT_VERSION = 5.0;
				TARGETED_DEVICE_FAMILY = "1,2";
			};
			name = Debug;
		};
		149965AD239ACFF6004429AC /* Release */ = {
			isa = XCBuildConfiguration;
			buildSettings = {
				ASSETCATALOG_COMPILER_APPICON_NAME = AppIcon;
				CODE_SIGN_STYLE = Automatic;
				DEVELOPMENT_TEAM = PR4DKU7GZT;
				INFOPLIST_FILE = ConversionCalculator/Info.plist;
				LD_RUNPATH_SEARCH_PATHS = (
					"$(inherited)",
					"@executable_path/Frameworks",
				);
				PRODUCT_BUNDLE_IDENTIFIER = com.example.HelloWorld8296.ConversionCalculator;
				PRODUCT_NAME = "$(TARGET_NAME)";
				SWIFT_VERSION = 5.0;
				TARGETED_DEVICE_FAMILY = "1,2";
			};
			name = Release;
		};
		149965AF239ACFF6004429AC /* Debug */ = {
			isa = XCBuildConfiguration;
			buildSettings = {
				ALWAYS_EMBED_SWIFT_STANDARD_LIBRARIES = YES;
				BUNDLE_LOADER = "$(TEST_HOST)";
				CODE_SIGN_STYLE = Automatic;
				DEVELOPMENT_TEAM = PR4DKU7GZT;
				INFOPLIST_FILE = ConversionCalculatorTests/Info.plist;
				IPHONEOS_DEPLOYMENT_TARGET = 13.2;
				LD_RUNPATH_SEARCH_PATHS = (
					"$(inherited)",
					"@executable_path/Frameworks",
					"@loader_path/Frameworks",
				);
				PRODUCT_BUNDLE_IDENTIFIER = com.example.HelloWorld8296.ConversionCalculatorTests;
				PRODUCT_NAME = "$(TARGET_NAME)";
				SWIFT_VERSION = 5.0;
				TARGETED_DEVICE_FAMILY = "1,2";
				TEST_HOST = "$(BUILT_PRODUCTS_DIR)/ConversionCalculator.app/ConversionCalculator";
			};
			name = Debug;
		};
		149965B0239ACFF6004429AC /* Release */ = {
			isa = XCBuildConfiguration;
			buildSettings = {
				ALWAYS_EMBED_SWIFT_STANDARD_LIBRARIES = YES;
				BUNDLE_LOADER = "$(TEST_HOST)";
				CODE_SIGN_STYLE = Automatic;
				DEVELOPMENT_TEAM = PR4DKU7GZT;
				INFOPLIST_FILE = ConversionCalculatorTests/Info.plist;
				IPHONEOS_DEPLOYMENT_TARGET = 13.2;
				LD_RUNPATH_SEARCH_PATHS = (
					"$(inherited)",
					"@executable_path/Frameworks",
					"@loader_path/Frameworks",
				);
				PRODUCT_BUNDLE_IDENTIFIER = com.example.HelloWorld8296.ConversionCalculatorTests;
				PRODUCT_NAME = "$(TARGET_NAME)";
				SWIFT_VERSION = 5.0;
				TARGETED_DEVICE_FAMILY = "1,2";
				TEST_HOST = "$(BUILT_PRODUCTS_DIR)/ConversionCalculator.app/ConversionCalculator";
			};
			name = Release;
		};
		149965B2239ACFF6004429AC /* Debug */ = {
			isa = XCBuildConfiguration;
			buildSettings = {
				ALWAYS_EMBED_SWIFT_STANDARD_LIBRARIES = YES;
				CODE_SIGN_STYLE = Automatic;
				DEVELOPMENT_TEAM = PR4DKU7GZT;
				INFOPLIST_FILE = ConversionCalculatorUITests/Info.plist;
				LD_RUNPATH_SEARCH_PATHS = (
					"$(inherited)",
					"@executable_path/Frameworks",
					"@loader_path/Frameworks",
				);
				PRODUCT_BUNDLE_IDENTIFIER = com.example.HelloWorld8296.ConversionCalculatorUITests;
				PRODUCT_NAME = "$(TARGET_NAME)";
				SWIFT_VERSION = 5.0;
				TARGETED_DEVICE_FAMILY = "1,2";
				TEST_TARGET_NAME = ConversionCalculator;
			};
			name = Debug;
		};
		149965B3239ACFF6004429AC /* Release */ = {
			isa = XCBuildConfiguration;
			buildSettings = {
				ALWAYS_EMBED_SWIFT_STANDARD_LIBRARIES = YES;
				CODE_SIGN_STYLE = Automatic;
				DEVELOPMENT_TEAM = PR4DKU7GZT;
				INFOPLIST_FILE = ConversionCalculatorUITests/Info.plist;
				LD_RUNPATH_SEARCH_PATHS = (
					"$(inherited)",
					"@executable_path/Frameworks",
					"@loader_path/Frameworks",
				);
				PRODUCT_BUNDLE_IDENTIFIER = com.example.HelloWorld8296.ConversionCalculatorUITests;
				PRODUCT_NAME = "$(TARGET_NAME)";
				SWIFT_VERSION = 5.0;
				TARGETED_DEVICE_FAMILY = "1,2";
				TEST_TARGET_NAME = ConversionCalculator;
			};
			name = Release;
		};
/* End XCBuildConfiguration section */

/* Begin XCConfigurationList section */
		14996579239ACFF3004429AC /* Build configuration list for PBXProject "ConversionCalculator" */ = {
			isa = XCConfigurationList;
			buildConfigurations = (
				149965A9239ACFF6004429AC /* Debug */,
				149965AA239ACFF6004429AC /* Release */,
			);
			defaultConfigurationIsVisible = 0;
			defaultConfigurationName = Release;
		};
		149965AB239ACFF6004429AC /* Build configuration list for PBXNativeTarget "ConversionCalculator" */ = {
			isa = XCConfigurationList;
			buildConfigurations = (
				149965AC239ACFF6004429AC /* Debug */,
				149965AD239ACFF6004429AC /* Release */,
			);
			defaultConfigurationIsVisible = 0;
			defaultConfigurationName = Release;
		};
		149965AE239ACFF6004429AC /* Build configuration list for PBXNativeTarget "ConversionCalculatorTests" */ = {
			isa = XCConfigurationList;
			buildConfigurations = (
				149965AF239ACFF6004429AC /* Debug */,
				149965B0239ACFF6004429AC /* Release */,
			);
			defaultConfigurationIsVisible = 0;
			defaultConfigurationName = Release;
		};
		149965B1239ACFF6004429AC /* Build configuration list for PBXNativeTarget "ConversionCalculatorUITests" */ = {
			isa = XCConfigurationList;
			buildConfigurations = (
				149965B2239ACFF6004429AC /* Debug */,
				149965B3239ACFF6004429AC /* Release */,
			);
			defaultConfigurationIsVisible = 0;
			defaultConfigurationName = Release;
		};
/* End XCConfigurationList section */

/* Begin XCVersionGroup section */
		1499658A239ACFF3004429AC /* ConversionCalculator.xcdatamodeld */ = {
			isa = XCVersionGroup;
			children = (
				1499658B239ACFF3004429AC /* ConversionCalculator.xcdatamodel */,
			);
			currentVersion = 1499658B239ACFF3004429AC /* ConversionCalculator.xcdatamodel */;
			path = ConversionCalculator.xcdatamodeld;
			sourceTree = "<group>";
			versionGroupType = wrapper.xcdatamodel;
		};
/* End XCVersionGroup section */
	};
	rootObject = 14996576239ACFF3004429AC /* Project object */;
}
